// !$*UTF8*$!
{
	archiveVersion = 1;
	classes = {
	};
	objectVersion = 50;
	objects = {

/* Begin PBXBuildFile section */
		517F40E024ED48DD00BA4B87 /* Group_View_ExamplesApp.swift in Sources */ = {isa = PBXBuildFile; fileRef = 517F40CD24ED48DB00BA4B87 /* Group_View_ExamplesApp.swift */; };
		517F40E124ED48DD00BA4B87 /* Group_View_ExamplesApp.swift in Sources */ = {isa = PBXBuildFile; fileRef = 517F40CD24ED48DB00BA4B87 /* Group_View_ExamplesApp.swift */; };
		517F40E224ED48DD00BA4B87 /* ContentView.swift in Sources */ = {isa = PBXBuildFile; fileRef = 517F40CE24ED48DB00BA4B87 /* ContentView.swift */; };
		517F40E324ED48DD00BA4B87 /* ContentView.swift in Sources */ = {isa = PBXBuildFile; fileRef = 517F40CE24ED48DB00BA4B87 /* ContentView.swift */; };
		517F40E424ED48DD00BA4B87 /* Assets.xcassets in Resources */ = {isa = PBXBuildFile; fileRef = 517F40CF24ED48DD00BA4B87 /* Assets.xcassets */; };
		517F40E524ED48DD00BA4B87 /* Assets.xcassets in Resources */ = {isa = PBXBuildFile; fileRef = 517F40CF24ED48DD00BA4B87 /* Assets.xcassets */; };
		517F40EF24ED490B00BA4B87 /* GroupWorkaroundView.swift in Sources */ = {isa = PBXBuildFile; fileRef = 517F40EE24ED490B00BA4B87 /* GroupWorkaroundView.swift */; };
		517F40F024ED490B00BA4B87 /* GroupWorkaroundView.swift in Sources */ = {isa = PBXBuildFile; fileRef = 517F40EE24ED490B00BA4B87 /* GroupWorkaroundView.swift */; };
		517F40F524ED50E500BA4B87 /* MySquareView.swift in Sources */ = {isa = PBXBuildFile; fileRef = 517F40F424ED50E500BA4B87 /* MySquareView.swift */; };
		517F40F624ED50E500BA4B87 /* MySquareView.swift in Sources */ = {isa = PBXBuildFile; fileRef = 517F40F424ED50E500BA4B87 /* MySquareView.swift */; };
		517F40F824ED515600BA4B87 /* LineupView.swift in Sources */ = {isa = PBXBuildFile; fileRef = 517F40F724ED515600BA4B87 /* LineupView.swift */; };
		517F40F924ED515600BA4B87 /* LineupView.swift in Sources */ = {isa = PBXBuildFile; fileRef = 517F40F724ED515600BA4B87 /* LineupView.swift */; };
		517F40FB24ED520F00BA4B87 /* AlignWithAnimationView.swift in Sources */ = {isa = PBXBuildFile; fileRef = 517F40FA24ED520F00BA4B87 /* AlignWithAnimationView.swift */; };
		517F40FC24ED520F00BA4B87 /* AlignWithAnimationView.swift in Sources */ = {isa = PBXBuildFile; fileRef = 517F40FA24ED520F00BA4B87 /* AlignWithAnimationView.swift */; };
		517F40FE24ED5FCE00BA4B87 /* GroupAndSizeClassView.swift in Sources */ = {isa = PBXBuildFile; fileRef = 517F40FD24ED5FCE00BA4B87 /* GroupAndSizeClassView.swift */; };
		517F40FF24ED5FCE00BA4B87 /* GroupAndSizeClassView.swift in Sources */ = {isa = PBXBuildFile; fileRef = 517F40FD24ED5FCE00BA4B87 /* GroupAndSizeClassView.swift */; };
/* End PBXBuildFile section */

/* Begin PBXFileReference section */
		517F40CD24ED48DB00BA4B87 /* Group_View_ExamplesApp.swift */ = {isa = PBXFileReference; lastKnownFileType = sourcecode.swift; path = Group_View_ExamplesApp.swift; sourceTree = "<group>"; };
		517F40CE24ED48DB00BA4B87 /* ContentView.swift */ = {isa = PBXFileReference; lastKnownFileType = sourcecode.swift; path = ContentView.swift; sourceTree = "<group>"; };
		517F40CF24ED48DD00BA4B87 /* Assets.xcassets */ = {isa = PBXFileReference; lastKnownFileType = folder.assetcatalog; path = Assets.xcassets; sourceTree = "<group>"; };
		517F40D424ED48DD00BA4B87 /* Group View Examples.app */ = {isa = PBXFileReference; explicitFileType = wrapper.application; includeInIndex = 0; path = "Group View Examples.app"; sourceTree = BUILT_PRODUCTS_DIR; };
		517F40D724ED48DD00BA4B87 /* Info.plist */ = {isa = PBXFileReference; lastKnownFileType = text.plist.xml; path = Info.plist; sourceTree = "<group>"; };
		517F40DC24ED48DD00BA4B87 /* Group View Examples.app */ = {isa = PBXFileReference; explicitFileType = wrapper.application; includeInIndex = 0; path = "Group View Examples.app"; sourceTree = BUILT_PRODUCTS_DIR; };
		517F40DE24ED48DD00BA4B87 /* Info.plist */ = {isa = PBXFileReference; lastKnownFileType = text.plist.xml; path = Info.plist; sourceTree = "<group>"; };
		517F40DF24ED48DD00BA4B87 /* macOS.entitlements */ = {isa = PBXFileReference; lastKnownFileType = text.plist.entitlements; path = macOS.entitlements; sourceTree = "<group>"; };
		517F40EE24ED490B00BA4B87 /* GroupWorkaroundView.swift */ = {isa = PBXFileReference; lastKnownFileType = sourcecode.swift; path = GroupWorkaroundView.swift; sourceTree = "<group>"; };
		517F40F424ED50E500BA4B87 /* MySquareView.swift */ = {isa = PBXFileReference; lastKnownFileType = sourcecode.swift; path = MySquareView.swift; sourceTree = "<group>"; };
		517F40F724ED515600BA4B87 /* LineupView.swift */ = {isa = PBXFileReference; lastKnownFileType = sourcecode.swift; path = LineupView.swift; sourceTree = "<group>"; };
		517F40FA24ED520F00BA4B87 /* AlignWithAnimationView.swift */ = {isa = PBXFileReference; lastKnownFileType = sourcecode.swift; path = AlignWithAnimationView.swift; sourceTree = "<group>"; };
		517F40FD24ED5FCE00BA4B87 /* GroupAndSizeClassView.swift */ = {isa = PBXFileReference; lastKnownFileType = sourcecode.swift; path = GroupAndSizeClassView.swift; sourceTree = "<group>"; };
/* End PBXFileReference section */

/* Begin PBXFrameworksBuildPhase section */
		517F40D124ED48DD00BA4B87 /* Frameworks */ = {
			isa = PBXFrameworksBuildPhase;
			buildActionMask = 2147483647;
			files = (
			);
			runOnlyForDeploymentPostprocessing = 0;
		};
		517F40D924ED48DD00BA4B87 /* Frameworks */ = {
			isa = PBXFrameworksBuildPhase;
			buildActionMask = 2147483647;
			files = (
			);
			runOnlyForDeploymentPostprocessing = 0;
		};
/* End PBXFrameworksBuildPhase section */

/* Begin PBXGroup section */
		517F40C724ED48DA00BA4B87 = {
			isa = PBXGroup;
			children = (
				517F40CC24ED48DB00BA4B87 /* Shared */,
				517F40D624ED48DD00BA4B87 /* iOS */,
				517F40DD24ED48DD00BA4B87 /* macOS */,
				517F40D524ED48DD00BA4B87 /* Products */,
			);
			sourceTree = "<group>";
		};
		517F40CC24ED48DB00BA4B87 /* Shared */ = {
			isa = PBXGroup;
			children = (
				517F40CD24ED48DB00BA4B87 /* Group_View_ExamplesApp.swift */,
				517F40CE24ED48DB00BA4B87 /* ContentView.swift */,
				517F40EE24ED490B00BA4B87 /* GroupWorkaroundView.swift */,
				517F40FA24ED520F00BA4B87 /* AlignWithAnimationView.swift */,
				517F40FD24ED5FCE00BA4B87 /* GroupAndSizeClassView.swift */,
				517F40F724ED515600BA4B87 /* LineupView.swift */,
				517F40F424ED50E500BA4B87 /* MySquareView.swift */,
				517F40CF24ED48DD00BA4B87 /* Assets.xcassets */,
			);
			path = Shared;
			sourceTree = "<group>";
		};
		517F40D524ED48DD00BA4B87 /* Products */ = {
			isa = PBXGroup;
			children = (
				517F40D424ED48DD00BA4B87 /* Group View Examples.app */,
				517F40DC24ED48DD00BA4B87 /* Group View Examples.app */,
			);
			name = Products;
			sourceTree = "<group>";
		};
		517F40D624ED48DD00BA4B87 /* iOS */ = {
			isa = PBXGroup;
			children = (
				517F40D724ED48DD00BA4B87 /* Info.plist */,
			);
			path = iOS;
			sourceTree = "<group>";
		};
		517F40DD24ED48DD00BA4B87 /* macOS */ = {
			isa = PBXGroup;
			children = (
				517F40DE24ED48DD00BA4B87 /* Info.plist */,
				517F40DF24ED48DD00BA4B87 /* macOS.entitlements */,
			);
			path = macOS;
			sourceTree = "<group>";
		};
/* End PBXGroup section */

/* Begin PBXNativeTarget section */
		517F40D324ED48DD00BA4B87 /* Group View Examples (iOS) */ = {
			isa = PBXNativeTarget;
			buildConfigurationList = 517F40E824ED48DD00BA4B87 /* Build configuration list for PBXNativeTarget "Group View Examples (iOS)" */;
			buildPhases = (
				517F40D024ED48DD00BA4B87 /* Sources */,
				517F40D124ED48DD00BA4B87 /* Frameworks */,
				517F40D224ED48DD00BA4B87 /* Resources */,
			);
			buildRules = (
			);
			dependencies = (
			);
			name = "Group View Examples (iOS)";
			productName = "Group View Examples (iOS)";
			productReference = 517F40D424ED48DD00BA4B87 /* Group View Examples.app */;
			productType = "com.apple.product-type.application";
		};
		517F40DB24ED48DD00BA4B87 /* Group View Examples (macOS) */ = {
			isa = PBXNativeTarget;
			buildConfigurationList = 517F40EB24ED48DD00BA4B87 /* Build configuration list for PBXNativeTarget "Group View Examples (macOS)" */;
			buildPhases = (
				517F40D824ED48DD00BA4B87 /* Sources */,
				517F40D924ED48DD00BA4B87 /* Frameworks */,
				517F40DA24ED48DD00BA4B87 /* Resources */,
			);
			buildRules = (
			);
			dependencies = (
			);
			name = "Group View Examples (macOS)";
			productName = "Group View Examples (macOS)";
			productReference = 517F40DC24ED48DD00BA4B87 /* Group View Examples.app */;
			productType = "com.apple.product-type.application";
		};
/* End PBXNativeTarget section */

/* Begin PBXProject section */
		517F40C824ED48DA00BA4B87 /* Project object */ = {
			isa = PBXProject;
			attributes = {
				LastSwiftUpdateCheck = 1200;
				LastUpgradeCheck = 1200;
				TargetAttributes = {
					517F40D324ED48DD00BA4B87 = {
						CreatedOnToolsVersion = 12.0;
					};
					517F40DB24ED48DD00BA4B87 = {
						CreatedOnToolsVersion = 12.0;
					};
				};
			};
			buildConfigurationList = 517F40CB24ED48DA00BA4B87 /* Build configuration list for PBXProject "Group View Examples" */;
			compatibilityVersion = "Xcode 9.3";
			developmentRegion = en;
			hasScannedForEncodings = 0;
			knownRegions = (
				en,
				Base,
			);
			mainGroup = 517F40C724ED48DA00BA4B87;
			productRefGroup = 517F40D524ED48DD00BA4B87 /* Products */;
			projectDirPath = "";
			projectRoot = "";
			targets = (
				517F40D324ED48DD00BA4B87 /* Group View Examples (iOS) */,
				517F40DB24ED48DD00BA4B87 /* Group View Examples (macOS) */,
			);
		};
/* End PBXProject section */

/* Begin PBXResourcesBuildPhase section */
		517F40D224ED48DD00BA4B87 /* Resources */ = {
			isa = PBXResourcesBuildPhase;
			buildActionMask = 2147483647;
			files = (
				517F40E424ED48DD00BA4B87 /* Assets.xcassets in Resources */,
			);
			runOnlyForDeploymentPostprocessing = 0;
		};
		517F40DA24ED48DD00BA4B87 /* Resources */ = {
			isa = PBXResourcesBuildPhase;
			buildActionMask = 2147483647;
			files = (
				517F40E524ED48DD00BA4B87 /* Assets.xcassets in Resources */,
			);
			runOnlyForDeploymentPostprocessing = 0;
		};
/* End PBXResourcesBuildPhase section */

/* Begin PBXSourcesBuildPhase section */
		517F40D024ED48DD00BA4B87 /* Sources */ = {
			isa = PBXSourcesBuildPhase;
			buildActionMask = 2147483647;
			files = (
				517F40EF24ED490B00BA4B87 /* GroupWorkaroundView.swift in Sources */,
				517F40FB24ED520F00BA4B87 /* AlignWithAnimationView.swift in Sources */,
				517F40E224ED48DD00BA4B87 /* ContentView.swift in Sources */,
				517F40F824ED515600BA4B87 /* LineupView.swift in Sources */,
				517F40E024ED48DD00BA4B87 /* Group_View_ExamplesApp.swift in Sources */,
				517F40FE24ED5FCE00BA4B87 /* GroupAndSizeClassView.swift in Sources */,
				517F40F524ED50E500BA4B87 /* MySquareView.swift in Sources */,
			);
			runOnlyForDeploymentPostprocessing = 0;
		};
		517F40D824ED48DD00BA4B87 /* Sources */ = {
			isa = PBXSourcesBuildPhase;
			buildActionMask = 2147483647;
			files = (
				517F40F024ED490B00BA4B87 /* GroupWorkaroundView.swift in Sources */,
				517F40FC24ED520F00BA4B87 /* AlignWithAnimationView.swift in Sources */,
				517F40E324ED48DD00BA4B87 /* ContentView.swift in Sources */,
				517F40F924ED515600BA4B87 /* LineupView.swift in Sources */,
				517F40E124ED48DD00BA4B87 /* Group_View_ExamplesApp.swift in Sources */,
				517F40FF24ED5FCE00BA4B87 /* GroupAndSizeClassView.swift in Sources */,
				517F40F624ED50E500BA4B87 /* MySquareView.swift in Sources */,
			);
			runOnlyForDeploymentPostprocessing = 0;
		};
/* End PBXSourcesBuildPhase section */

/* Begin XCBuildConfiguration section */
		517F40E624ED48DD00BA4B87 /* Debug */ = {
			isa = XCBuildConfiguration;
			buildSettings = {
				ALWAYS_SEARCH_USER_PATHS = NO;
				CLANG_ANALYZER_NONNULL = YES;
				CLANG_ANALYZER_NUMBER_OBJECT_CONVERSION = YES_AGGRESSIVE;
				CLANG_CXX_LANGUAGE_STANDARD = "gnu++14";
				CLANG_CXX_LIBRARY = "libc++";
				CLANG_ENABLE_MODULES = YES;
				CLANG_ENABLE_OBJC_ARC = YES;
				CLANG_ENABLE_OBJC_WEAK = YES;
				CLANG_WARN_BLOCK_CAPTURE_AUTORELEASING = YES;
				CLANG_WARN_BOOL_CONVERSION = YES;
				CLANG_WARN_COMMA = YES;
				CLANG_WARN_CONSTANT_CONVERSION = YES;
				CLANG_WARN_DEPRECATED_OBJC_IMPLEMENTATIONS = YES;
				CLANG_WARN_DIRECT_OBJC_ISA_USAGE = YES_ERROR;
				CLANG_WARN_DOCUMENTATION_COMMENTS = YES;
				CLANG_WARN_EMPTY_BODY = YES;
				CLANG_WARN_ENUM_CONVERSION = YES;
				CLANG_WARN_INFINITE_RECURSION = YES;
				CLANG_WARN_INT_CONVERSION = YES;
				CLANG_WARN_NON_LITERAL_NULL_CONVERSION = YES;
				CLANG_WARN_OBJC_IMPLICIT_RETAIN_SELF = YES;
				CLANG_WARN_OBJC_LITERAL_CONVERSION = YES;
				CLANG_WARN_OBJC_ROOT_CLASS = YES_ERROR;
				CLANG_WARN_QUOTED_INCLUDE_IN_FRAMEWORK_HEADER = YES;
				CLANG_WARN_RANGE_LOOP_ANALYSIS = YES;
				CLANG_WARN_STRICT_PROTOTYPES = YES;
				CLANG_WARN_SUSPICIOUS_MOVE = YES;
				CLANG_WARN_UNGUARDED_AVAILABILITY = YES_AGGRESSIVE;
				CLANG_WARN_UNREACHABLE_CODE = YES;
				CLANG_WARN__DUPLICATE_METHOD_MATCH = YES;
				COPY_PHASE_STRIP = NO;
				DEBUG_INFORMATION_FORMAT = dwarf;
				ENABLE_STRICT_OBJC_MSGSEND = YES;
				ENABLE_TESTABILITY = YES;
				GCC_C_LANGUAGE_STANDARD = gnu11;
				GCC_DYNAMIC_NO_PIC = NO;
				GCC_NO_COMMON_BLOCKS = YES;
				GCC_OPTIMIZATION_LEVEL = 0;
				GCC_PREPROCESSOR_DEFINITIONS = (
					"DEBUG=1",
					"$(inherited)",
				);
				GCC_WARN_64_TO_32_BIT_CONVERSION = YES;
				GCC_WARN_ABOUT_RETURN_TYPE = YES_ERROR;
				GCC_WARN_UNDECLARED_SELECTOR = YES;
				GCC_WARN_UNINITIALIZED_AUTOS = YES_AGGRESSIVE;
				GCC_WARN_UNUSED_FUNCTION = YES;
				GCC_WARN_UNUSED_VARIABLE = YES;
				MTL_ENABLE_DEBUG_INFO = INCLUDE_SOURCE;
				MTL_FAST_MATH = YES;
				ONLY_ACTIVE_ARCH = YES;
				SWIFT_ACTIVE_COMPILATION_CONDITIONS = DEBUG;
				SWIFT_OPTIMIZATION_LEVEL = "-Onone";
			};
			name = Debug;
		};
		517F40E724ED48DD00BA4B87 /* Release */ = {
			isa = XCBuildConfiguration;
			buildSettings = {
				ALWAYS_SEARCH_USER_PATHS = NO;
				CLANG_ANALYZER_NONNULL = YES;
				CLANG_ANALYZER_NUMBER_OBJECT_CONVERSION = YES_AGGRESSIVE;
				CLANG_CXX_LANGUAGE_STANDARD = "gnu++14";
				CLANG_CXX_LIBRARY = "libc++";
				CLANG_ENABLE_MODULES = YES;
				CLANG_ENABLE_OBJC_ARC = YES;
				CLANG_ENABLE_OBJC_WEAK = YES;
				CLANG_WARN_BLOCK_CAPTURE_AUTORELEASING = YES;
				CLANG_WARN_BOOL_CONVERSION = YES;
				CLANG_WARN_COMMA = YES;
				CLANG_WARN_CONSTANT_CONVERSION = YES;
				CLANG_WARN_DEPRECATED_OBJC_IMPLEMENTATIONS = YES;
				CLANG_WARN_DIRECT_OBJC_ISA_USAGE = YES_ERROR;
				CLANG_WARN_DOCUMENTATION_COMMENTS = YES;
				CLANG_WARN_EMPTY_BODY = YES;
				CLANG_WARN_ENUM_CONVERSION = YES;
				CLANG_WARN_INFINITE_RECURSION = YES;
				CLANG_WARN_INT_CONVERSION = YES;
				CLANG_WARN_NON_LITERAL_NULL_CONVERSION = YES;
				CLANG_WARN_OBJC_IMPLICIT_RETAIN_SELF = YES;
				CLANG_WARN_OBJC_LITERAL_CONVERSION = YES;
				CLANG_WARN_OBJC_ROOT_CLASS = YES_ERROR;
				CLANG_WARN_QUOTED_INCLUDE_IN_FRAMEWORK_HEADER = YES;
				CLANG_WARN_RANGE_LOOP_ANALYSIS = YES;
				CLANG_WARN_STRICT_PROTOTYPES = YES;
				CLANG_WARN_SUSPICIOUS_MOVE = YES;
				CLANG_WARN_UNGUARDED_AVAILABILITY = YES_AGGRESSIVE;
				CLANG_WARN_UNREACHABLE_CODE = YES;
				CLANG_WARN__DUPLICATE_METHOD_MATCH = YES;
				COPY_PHASE_STRIP = NO;
				DEBUG_INFORMATION_FORMAT = "dwarf-with-dsym";
				ENABLE_NS_ASSERTIONS = NO;
				ENABLE_STRICT_OBJC_MSGSEND = YES;
				GCC_C_LANGUAGE_STANDARD = gnu11;
				GCC_NO_COMMON_BLOCKS = YES;
				GCC_WARN_64_TO_32_BIT_CONVERSION = YES;
				GCC_WARN_ABOUT_RETURN_TYPE = YES_ERROR;
				GCC_WARN_UNDECLARED_SELECTOR = YES;
				GCC_WARN_UNINITIALIZED_AUTOS = YES_AGGRESSIVE;
				GCC_WARN_UNUSED_FUNCTION = YES;
				GCC_WARN_UNUSED_VARIABLE = YES;
				MTL_ENABLE_DEBUG_INFO = NO;
				MTL_FAST_MATH = YES;
				SWIFT_COMPILATION_MODE = wholemodule;
				SWIFT_OPTIMIZATION_LEVEL = "-O";
			};
			name = Release;
		};
		517F40E924ED48DD00BA4B87 /* Debug */ = {
			isa = XCBuildConfiguration;
			buildSettings = {
				ASSETCATALOG_COMPILER_APPICON_NAME = AppIcon;
				ASSETCATALOG_COMPILER_GLOBAL_ACCENT_COLOR_NAME = AccentColor;
				CODE_SIGN_STYLE = Automatic;
				DEVELOPMENT_TEAM = R77BD8MPA8;
				ENABLE_PREVIEWS = YES;
				INFOPLIST_FILE = iOS/Info.plist;
				IPHONEOS_DEPLOYMENT_TARGET = 14.0;
				LD_RUNPATH_SEARCH_PATHS = (
					"$(inherited)",
					"@executable_path/Frameworks",
				);
				PRODUCT_BUNDLE_IDENTIFIER = "com.mazharul.huq.Group-View-Examples";
				PRODUCT_NAME = "Group View Examples";
				SDKROOT = iphoneos;
				SWIFT_VERSION = 5.0;
				TARGETED_DEVICE_FAMILY = "1,2";
			};
			name = Debug;
		};
		517F40EA24ED48DD00BA4B87 /* Release */ = {
			isa = XCBuildConfiguration;
			buildSettings = {
				ASSETCATALOG_COMPILER_APPICON_NAME = AppIcon;
				ASSETCATALOG_COMPILER_GLOBAL_ACCENT_COLOR_NAME = AccentColor;
				CODE_SIGN_STYLE = Automatic;
				DEVELOPMENT_TEAM = R77BD8MPA8;
				ENABLE_PREVIEWS = YES;
				INFOPLIST_FILE = iOS/Info.plist;
				IPHONEOS_DEPLOYMENT_TARGET = 14.0;
				LD_RUNPATH_SEARCH_PATHS = (
					"$(inherited)",
					"@executable_path/Frameworks",
				);
				PRODUCT_BUNDLE_IDENTIFIER = "com.mazharul.huq.Group-View-Examples";
				PRODUCT_NAME = "Group View Examples";
				SDKROOT = iphoneos;
				SWIFT_VERSION = 5.0;
				TARGETED_DEVICE_FAMILY = "1,2";
				VALIDATE_PRODUCT = YES;
			};
			name = Release;
		};
		517F40EC24ED48DD00BA4B87 /* Debug */ = {
			isa = XCBuildConfiguration;
			buildSettings = {
				ASSETCATALOG_COMPILER_APPICON_NAME = AppIcon;
				ASSETCATALOG_COMPILER_GLOBAL_ACCENT_COLOR_NAME = AccentColor;
				CODE_SIGN_ENTITLEMENTS = macOS/macOS.entitlements;
				CODE_SIGN_STYLE = Automatic;
				COMBINE_HIDPI_IMAGES = YES;
				DEVELOPMENT_TEAM = R77BD8MPA8;
				ENABLE_HARDENED_RUNTIME = YES;
				ENABLE_PREVIEWS = YES;
				INFOPLIST_FILE = macOS/Info.plist;
				LD_RUNPATH_SEARCH_PATHS = (
					"$(inherited)",
					"@executable_path/../Frameworks",
				);
				MACOSX_DEPLOYMENT_TARGET = 11.0;
				PRODUCT_BUNDLE_IDENTIFIER = "com.mazharul.huq.Group-View-Examples";
				PRODUCT_NAME = "Group View Examples";
				SDKROOT = macosx;
				SWIFT_VERSION = 5.0;
			};
			name = Debug;
		};
		517F40ED24ED48DD00BA4B87 /* Release */ = {
			isa = XCBuildConfiguration;
			buildSettings = {
				ASSETCATALOG_COMPILER_APPICON_NAME = AppIcon;
				ASSETCATALOG_COMPILER_GLOBAL_ACCENT_COLOR_NAME = AccentColor;
				CODE_SIGN_ENTITLEMENTS = macOS/macOS.entitlements;
				CODE_SIGN_STYLE = Automatic;
				COMBINE_HIDPI_IMAGES = YES;
				DEVELOPMENT_TEAM = R77BD8MPA8;
				ENABLE_HARDENED_RUNTIME = YES;
				ENABLE_PREVIEWS = YES;
				INFOPLIST_FILE = macOS/Info.plist;
				LD_RUNPATH_SEARCH_PATHS = (
					"$(inherited)",
					"@executable_path/../Frameworks",
				);
				MACOSX_DEPLOYMENT_TARGET = 11.0;
				PRODUCT_BUNDLE_IDENTIFIER = "com.mazharul.huq.Group-View-Examples";
				PRODUCT_NAME = "Group View Examples";
				SDKROOT = macosx;
				SWIFT_VERSION = 5.0;
			};
			name = Release;
		};
/* End XCBuildConfiguration section */

/* Begin XCConfigurationList section */
		517F40CB24ED48DA00BA4B87 /* Build configuration list for PBXProject "Group View Examples" */ = {
			isa = XCConfigurationList;
			buildConfigurations = (
				517F40E624ED48DD00BA4B87 /* Debug */,
				517F40E724ED48DD00BA4B87 /* Release */,
			);
			defaultConfigurationIsVisible = 0;
			defaultConfigurationName = Release;
		};
		517F40E824ED48DD00BA4B87 /* Build configuration list for PBXNativeTarget "Group View Examples (iOS)" */ = {
			isa = XCConfigurationList;
			buildConfigurations = (
				517F40E924ED48DD00BA4B87 /* Debug */,
				517F40EA24ED48DD00BA4B87 /* Release */,
			);
			defaultConfigurationIsVisible = 0;
			defaultConfigurationName = Release;
		};
		517F40EB24ED48DD00BA4B87 /* Build configuration list for PBXNativeTarget "Group View Examples (macOS)" */ = {
			isa = XCConfigurationList;
			buildConfigurations = (
				517F40EC24ED48DD00BA4B87 /* Debug */,
				517F40ED24ED48DD00BA4B87 /* Release */,
			);
			defaultConfigurationIsVisible = 0;
			defaultConfigurationName = Release;
		};
/* End XCConfigurationList section */
	};
	rootObject = 517F40C824ED48DA00BA4B87 /* Project object */;
}
